
Microsoft Visual Studio Solution File, Format Version 12.00
# Visual Studio Version 16
VisualStudioVersion = 16.0.30413.136
MinimumVisualStudioVersion = 10.0.40219.1
Project("{FAE04EC0-301F-11D3-BF4B-00C04F79EFBC}") = "Project1", "Project1.csproj", "{F8AA1D46-5929-460A-A9B6-C41037856D3B}"
EndProject
Global
	GlobalSection(SolutionConfigurationPlatforms) = preSolution
		Debug|Any CPU = Debug|Any CPU
		Release|Any CPU = Release|Any CPU
	EndGlobalSection
	GlobalSection(ProjectConfigurationPlatforms) = postSolution
		{F8AA1D46-5929-460A-A9B6-C41037856D3B}.Debug|Any CPU.ActiveCfg = Debug|Any CPU
		{F8AA1D46-5929-460A-A9B6-C41037856D3B}.Debug|Any CPU.Build.0 = Debug|Any CPU
		{F8AA1D46-5929-460A-A9B6-C41037856D3B}.Release|Any CPU.ActiveCfg = Release|Any CPU
		{F8AA1D46-5929-460A-A9B6-C41037856D3B}.Release|Any CPU.Build.0 = Release|Any CPU
	EndGlobalSection
	GlobalSection(SolutionProperties) = preSolution
		HideSolutionNode = FALSE
	EndGlobalSection
	GlobalSection(ExtensibilityGlobals) = postSolution
		SolutionGuid = {C23A4527-F5BF-4F7A-9D5D-4E082C10BC69}
	EndGlobalSection
EndGlobal
